
Microsoft Visual Studio Solution File, Format Version 12.00
# Visual Studio Version 16
VisualStudioVersion = 16.0.31105.61
MinimumVisualStudioVersion = 10.0.40219.1
Project("{2150E333-8FDC-42A3-9474-1A3956D46DE8}") = "Laboratoire_1", "Laboratoire_1", "{24FD730D-8D07-4748-A730-887647BE2C05}"
EndProject
Project("{2150E333-8FDC-42A3-9474-1A3956D46DE8}") = "Laboratoire_2", "Laboratoire_2", "{F7C9B5F1-2AAA-4E75-80A9-B8343A3F3101}"
EndProject
Project("{2150E333-8FDC-42A3-9474-1A3956D46DE8}") = "Laboratoire_3", "Laboratoire_3", "{B935CE58-0081-4750-9515-4247D7625346}"
EndProject
Project("{2150E333-8FDC-42A3-9474-1A3956D46DE8}") = "Examen", "Examen", "{CDC310BC-CC80-4795-89C0-9971624ACC5B}"
EndProject
Project("{9A19103F-16F7-4668-BE54-9A1E7A4F7556}") = "Nougat (nuget)", "Laboratoire_1\Nougat\Nougat (nuget).csproj", "{139ADCF4-1C49-4C2F-BE41-928BA1658E62}"
EndProject
Project("{9A19103F-16F7-4668-BE54-9A1E7A4F7556}") = "Spawn (namespace et property)", "Laboratoire_1\Spawn\Spawn (namespace et property).csproj", "{CCB28A60-6D6D-43B7-BE4B-F333CEE50709}"
EndProject
Project("{FAE04EC0-301F-11D3-BF4B-00C04F79EFBC}") = "DICJ Ipsum", "Laboratoire_1\DICJ_Ipsum\DICJ_Ipsum\DICJ Ipsum.csproj", "{2C04C5C8-E173-43BC-967F-26ABA456A831}"
EndProject
Project("{FAE04EC0-301F-11D3-BF4B-00C04F79EFBC}") = "Attaque_Chitauris", "Laboratoire_1\Attaque_Chitauri\Attaque_Chitauri\Attaque_Chitauris.csproj", "{191DB405-3DC2-423B-9F3E-911C6BDB48AB}"
EndProject
Project("{9A19103F-16F7-4668-BE54-9A1E7A4F7556}") = "Robots", "Laboratoire_1\Robots\Robots.csproj", "{59E75E53-4D3F-4D1B-8FA8-82F35567C190}"
EndProject
Project("{9A19103F-16F7-4668-BE54-9A1E7A4F7556}") = "Tests_classes_partielles", "Tests_classes_partielles\Tests_classes_partielles.csproj", "{317B9974-22F2-4DF1-B2F4-53797E4A2A15}"
EndProject
Project("{9A19103F-16F7-4668-BE54-9A1E7A4F7556}") = "Test_structure", "Test_structure\Test_structure.csproj", "{BC0F2E95-89E9-4802-8039-80DE998827D0}"
EndProject
Project("{9A19103F-16F7-4668-BE54-9A1E7A4F7556}") = "Test_exceptions", "Test_exceptions\Test_exceptions.csproj", "{D01408EE-4D6B-48D6-B328-45A3516729B6}"
EndProject
Project("{9A19103F-16F7-4668-BE54-9A1E7A4F7556}") = "jeu", "jeu\jeu.csproj", "{7BB1C632-B074-4696-B26F-28C9E74777BC}"
EndProject
Project("{2150E333-8FDC-42A3-9474-1A3956D46DE8}") = "Virus", "Virus", "{82D579C5-632E-4ADB-A683-4194B8110434}"
EndProject
Project("{2150E333-8FDC-42A3-9474-1A3956D46DE8}") = "Assembly", "Assembly", "{624983FD-94CF-43DF-BE9C-EB68BD4C141C}"
EndProject
Project("{2150E333-8FDC-42A3-9474-1A3956D46DE8}") = "Puissance Interface", "Puissance Interface", "{FF418190-2CFE-4389-AABC-770677161AD8}"
EndProject
Project("{9A19103F-16F7-4668-BE54-9A1E7A4F7556}") = "TestExceptionAlex", "TestExceptionAlex\TestExceptionAlex.csproj", "{46CA8700-1EBA-4A67-8CCF-045C1D8F393B}"
EndProject
Project("{9A19103F-16F7-4668-BE54-9A1E7A4F7556}") = "PuissanceInterface", "PuissanceInterface\PuissanceInterface.csproj", "{C44B82FD-967D-4F56-BD20-66CA008F9BDC}"
EndProject
Project("{9A19103F-16F7-4668-BE54-9A1E7A4F7556}") = "InviteCommande", "InviteCommande\InviteCommande.csproj", "{29EFA50D-14D5-417A-BEA5-C2B18CB79A62}"
EndProject
Project("{9A19103F-16F7-4668-BE54-9A1E7A4F7556}") = "laboratoire_3", "laboratoire_3\laboratoire_3.csproj", "{E9453C91-A29B-4717-8C6F-EAA45BBA4EFC}"
EndProject
Project("{9A19103F-16F7-4668-BE54-9A1E7A4F7556}") = "exam_poo", "exam_poo\exam_poo.csproj", "{140077E9-E81A-4A65-9E3A-712223EC2BDA}"
EndProject
Project("{FAE04EC0-301F-11D3-BF4B-00C04F79EFBC}") = "Examen pratique final", "Examen pratique final\Examen pratique final.csproj", "{60D77C4B-4A28-453F-9580-DDBC7798E857}"
EndProject
Global
	GlobalSection(SolutionConfigurationPlatforms) = preSolution
		Debug|Any CPU = Debug|Any CPU
		Release|Any CPU = Release|Any CPU
	EndGlobalSection
	GlobalSection(ProjectConfigurationPlatforms) = postSolution
		{139ADCF4-1C49-4C2F-BE41-928BA1658E62}.Debug|Any CPU.ActiveCfg = Debug|Any CPU
		{139ADCF4-1C49-4C2F-BE41-928BA1658E62}.Debug|Any CPU.Build.0 = Debug|Any CPU
		{139ADCF4-1C49-4C2F-BE41-928BA1658E62}.Release|Any CPU.ActiveCfg = Release|Any CPU
		{139ADCF4-1C49-4C2F-BE41-928BA1658E62}.Release|Any CPU.Build.0 = Release|Any CPU
		{CCB28A60-6D6D-43B7-BE4B-F333CEE50709}.Debug|Any CPU.ActiveCfg = Debug|Any CPU
		{CCB28A60-6D6D-43B7-BE4B-F333CEE50709}.Debug|Any CPU.Build.0 = Debug|Any CPU
		{CCB28A60-6D6D-43B7-BE4B-F333CEE50709}.Release|Any CPU.ActiveCfg = Release|Any CPU
		{CCB28A60-6D6D-43B7-BE4B-F333CEE50709}.Release|Any CPU.Build.0 = Release|Any CPU
		{2C04C5C8-E173-43BC-967F-26ABA456A831}.Debug|Any CPU.ActiveCfg = Debug|Any CPU
		{2C04C5C8-E173-43BC-967F-26ABA456A831}.Debug|Any CPU.Build.0 = Debug|Any CPU
		{2C04C5C8-E173-43BC-967F-26ABA456A831}.Release|Any CPU.ActiveCfg = Release|Any CPU
		{2C04C5C8-E173-43BC-967F-26ABA456A831}.Release|Any CPU.Build.0 = Release|Any CPU
		{191DB405-3DC2-423B-9F3E-911C6BDB48AB}.Debug|Any CPU.ActiveCfg = Debug|Any CPU
		{191DB405-3DC2-423B-9F3E-911C6BDB48AB}.Debug|Any CPU.Build.0 = Debug|Any CPU
		{191DB405-3DC2-423B-9F3E-911C6BDB48AB}.Release|Any CPU.ActiveCfg = Release|Any CPU
		{191DB405-3DC2-423B-9F3E-911C6BDB48AB}.Release|Any CPU.Build.0 = Release|Any CPU
		{59E75E53-4D3F-4D1B-8FA8-82F35567C190}.Debug|Any CPU.ActiveCfg = Debug|Any CPU
		{59E75E53-4D3F-4D1B-8FA8-82F35567C190}.Debug|Any CPU.Build.0 = Debug|Any CPU
		{59E75E53-4D3F-4D1B-8FA8-82F35567C190}.Release|Any CPU.ActiveCfg = Release|Any CPU
		{59E75E53-4D3F-4D1B-8FA8-82F35567C190}.Release|Any CPU.Build.0 = Release|Any CPU
		{317B9974-22F2-4DF1-B2F4-53797E4A2A15}.Debug|Any CPU.ActiveCfg = Debug|Any CPU
		{317B9974-22F2-4DF1-B2F4-53797E4A2A15}.Debug|Any CPU.Build.0 = Debug|Any CPU
		{317B9974-22F2-4DF1-B2F4-53797E4A2A15}.Release|Any CPU.ActiveCfg = Release|Any CPU
		{317B9974-22F2-4DF1-B2F4-53797E4A2A15}.Release|Any CPU.Build.0 = Release|Any CPU
		{BC0F2E95-89E9-4802-8039-80DE998827D0}.Debug|Any CPU.ActiveCfg = Debug|Any CPU
		{BC0F2E95-89E9-4802-8039-80DE998827D0}.Debug|Any CPU.Build.0 = Debug|Any CPU
		{BC0F2E95-89E9-4802-8039-80DE998827D0}.Release|Any CPU.ActiveCfg = Release|Any CPU
		{BC0F2E95-89E9-4802-8039-80DE998827D0}.Release|Any CPU.Build.0 = Release|Any CPU
		{D01408EE-4D6B-48D6-B328-45A3516729B6}.Debug|Any CPU.ActiveCfg = Debug|Any CPU
		{D01408EE-4D6B-48D6-B328-45A3516729B6}.Debug|Any CPU.Build.0 = Debug|Any CPU
		{D01408EE-4D6B-48D6-B328-45A3516729B6}.Release|Any CPU.ActiveCfg = Release|Any CPU
		{D01408EE-4D6B-48D6-B328-45A3516729B6}.Release|Any CPU.Build.0 = Release|Any CPU
		{7BB1C632-B074-4696-B26F-28C9E74777BC}.Debug|Any CPU.ActiveCfg = Debug|Any CPU
		{7BB1C632-B074-4696-B26F-28C9E74777BC}.Debug|Any CPU.Build.0 = Debug|Any CPU
		{7BB1C632-B074-4696-B26F-28C9E74777BC}.Release|Any CPU.ActiveCfg = Release|Any CPU
		{7BB1C632-B074-4696-B26F-28C9E74777BC}.Release|Any CPU.Build.0 = Release|Any CPU
		{46CA8700-1EBA-4A67-8CCF-045C1D8F393B}.Debug|Any CPU.ActiveCfg = Debug|Any CPU
		{46CA8700-1EBA-4A67-8CCF-045C1D8F393B}.Debug|Any CPU.Build.0 = Debug|Any CPU
		{46CA8700-1EBA-4A67-8CCF-045C1D8F393B}.Release|Any CPU.ActiveCfg = Release|Any CPU
		{46CA8700-1EBA-4A67-8CCF-045C1D8F393B}.Release|Any CPU.Build.0 = Release|Any CPU
		{C44B82FD-967D-4F56-BD20-66CA008F9BDC}.Debug|Any CPU.ActiveCfg = Debug|Any CPU
		{C44B82FD-967D-4F56-BD20-66CA008F9BDC}.Debug|Any CPU.Build.0 = Debug|Any CPU
		{C44B82FD-967D-4F56-BD20-66CA008F9BDC}.Release|Any CPU.ActiveCfg = Release|Any CPU
		{C44B82FD-967D-4F56-BD20-66CA008F9BDC}.Release|Any CPU.Build.0 = Release|Any CPU
		{29EFA50D-14D5-417A-BEA5-C2B18CB79A62}.Debug|Any CPU.ActiveCfg = Debug|Any CPU
		{29EFA50D-14D5-417A-BEA5-C2B18CB79A62}.Debug|Any CPU.Build.0 = Debug|Any CPU
		{29EFA50D-14D5-417A-BEA5-C2B18CB79A62}.Release|Any CPU.ActiveCfg = Release|Any CPU
		{29EFA50D-14D5-417A-BEA5-C2B18CB79A62}.Release|Any CPU.Build.0 = Release|Any CPU
		{E9453C91-A29B-4717-8C6F-EAA45BBA4EFC}.Debug|Any CPU.ActiveCfg = Debug|Any CPU
		{E9453C91-A29B-4717-8C6F-EAA45BBA4EFC}.Debug|Any CPU.Build.0 = Debug|Any CPU
		{E9453C91-A29B-4717-8C6F-EAA45BBA4EFC}.Release|Any CPU.ActiveCfg = Release|Any CPU
		{E9453C91-A29B-4717-8C6F-EAA45BBA4EFC}.Release|Any CPU.Build.0 = Release|Any CPU
		{140077E9-E81A-4A65-9E3A-712223EC2BDA}.Debug|Any CPU.ActiveCfg = Debug|Any CPU
		{140077E9-E81A-4A65-9E3A-712223EC2BDA}.Debug|Any CPU.Build.0 = Debug|Any CPU
		{140077E9-E81A-4A65-9E3A-712223EC2BDA}.Release|Any CPU.ActiveCfg = Release|Any CPU
		{140077E9-E81A-4A65-9E3A-712223EC2BDA}.Release|Any CPU.Build.0 = Release|Any CPU
		{60D77C4B-4A28-453F-9580-DDBC7798E857}.Debug|Any CPU.ActiveCfg = Debug|Any CPU
		{60D77C4B-4A28-453F-9580-DDBC7798E857}.Debug|Any CPU.Build.0 = Debug|Any CPU
		{60D77C4B-4A28-453F-9580-DDBC7798E857}.Release|Any CPU.ActiveCfg = Release|Any CPU
		{60D77C4B-4A28-453F-9580-DDBC7798E857}.Release|Any CPU.Build.0 = Release|Any CPU
	EndGlobalSection
	GlobalSection(SolutionProperties) = preSolution
		HideSolutionNode = FALSE
	EndGlobalSection
	GlobalSection(NestedProjects) = preSolution
		{139ADCF4-1C49-4C2F-BE41-928BA1658E62} = {24FD730D-8D07-4748-A730-887647BE2C05}
		{CCB28A60-6D6D-43B7-BE4B-F333CEE50709} = {24FD730D-8D07-4748-A730-887647BE2C05}
		{2C04C5C8-E173-43BC-967F-26ABA456A831} = {24FD730D-8D07-4748-A730-887647BE2C05}
		{191DB405-3DC2-423B-9F3E-911C6BDB48AB} = {24FD730D-8D07-4748-A730-887647BE2C05}
		{59E75E53-4D3F-4D1B-8FA8-82F35567C190} = {24FD730D-8D07-4748-A730-887647BE2C05}
		{317B9974-22F2-4DF1-B2F4-53797E4A2A15} = {82D579C5-632E-4ADB-A683-4194B8110434}
		{BC0F2E95-89E9-4802-8039-80DE998827D0} = {624983FD-94CF-43DF-BE9C-EB68BD4C141C}
		{D01408EE-4D6B-48D6-B328-45A3516729B6} = {F7C9B5F1-2AAA-4E75-80A9-B8343A3F3101}
		{7BB1C632-B074-4696-B26F-28C9E74777BC} = {624983FD-94CF-43DF-BE9C-EB68BD4C141C}
		{82D579C5-632E-4ADB-A683-4194B8110434} = {F7C9B5F1-2AAA-4E75-80A9-B8343A3F3101}
		{624983FD-94CF-43DF-BE9C-EB68BD4C141C} = {F7C9B5F1-2AAA-4E75-80A9-B8343A3F3101}
		{FF418190-2CFE-4389-AABC-770677161AD8} = {F7C9B5F1-2AAA-4E75-80A9-B8343A3F3101}
		{46CA8700-1EBA-4A67-8CCF-045C1D8F393B} = {F7C9B5F1-2AAA-4E75-80A9-B8343A3F3101}
		{C44B82FD-967D-4F56-BD20-66CA008F9BDC} = {FF418190-2CFE-4389-AABC-770677161AD8}
		{29EFA50D-14D5-417A-BEA5-C2B18CB79A62} = {FF418190-2CFE-4389-AABC-770677161AD8}
		{E9453C91-A29B-4717-8C6F-EAA45BBA4EFC} = {B935CE58-0081-4750-9515-4247D7625346}
		{140077E9-E81A-4A65-9E3A-712223EC2BDA} = {B935CE58-0081-4750-9515-4247D7625346}
		{60D77C4B-4A28-453F-9580-DDBC7798E857} = {CDC310BC-CC80-4795-89C0-9971624ACC5B}
	EndGlobalSection
	GlobalSection(ExtensibilityGlobals) = postSolution
		SolutionGuid = {0F95DCAC-A660-4F01-B0BC-94AD2312C33C}
	EndGlobalSection
EndGlobal
